
Microsoft Visual Studio Solution File, Format Version 12.00
# Visual Studio 15
Project("{FAE04EC0-301F-11D3-BF4B-00C04F79EFBC}") = "Assembly-CSharp-Editor", "Assembly-CSharp-Editor.csproj", "{9D674B27-52E9-D285-18E7-373B1DC48463}"
EndProject
Project("{FAE04EC0-301F-11D3-BF4B-00C04F79EFBC}") = "Assembly-CSharp", "Assembly-CSharp.csproj", "{7356D25E-3C44-DE92-ED70-1D6CD50F7D6C}"
EndProject
Global
	GlobalSection(SolutionConfigurationPlatforms) = preSolution
		Debug|Any CPU = Debug|Any CPU
		Release|Any CPU = Release|Any CPU
	EndGlobalSection
	GlobalSection(ProjectConfigurationPlatforms) = postSolution
		{9D674B27-52E9-D285-18E7-373B1DC48463}.Debug|Any CPU.ActiveCfg = Debug|Any CPU
		{9D674B27-52E9-D285-18E7-373B1DC48463}.Debug|Any CPU.Build.0 = Debug|Any CPU
		{9D674B27-52E9-D285-18E7-373B1DC48463}.Release|Any CPU.ActiveCfg = Release|Any CPU
		{9D674B27-52E9-D285-18E7-373B1DC48463}.Release|Any CPU.Build.0 = Release|Any CPU
		{7356D25E-3C44-DE92-ED70-1D6CD50F7D6C}.Debug|Any CPU.ActiveCfg = Debug|Any CPU
		{7356D25E-3C44-DE92-ED70-1D6CD50F7D6C}.Debug|Any CPU.Build.0 = Debug|Any CPU
		{7356D25E-3C44-DE92-ED70-1D6CD50F7D6C}.Release|Any CPU.ActiveCfg = Release|Any CPU
		{7356D25E-3C44-DE92-ED70-1D6CD50F7D6C}.Release|Any CPU.Build.0 = Release|Any CPU
	EndGlobalSection
	GlobalSection(SolutionProperties) = preSolution
		HideSolutionNode = FALSE
	EndGlobalSection
EndGlobal
